
Microsoft Visual Studio Solution File, Format Version 12.00
# Visual Studio Version 16
VisualStudioVersion = 16.0.31112.23
MinimumVisualStudioVersion = 10.0.40219.1
Project("{FAE04EC0-301F-11D3-BF4B-00C04F79EFBC}") = "Kurs", "Kurs.csproj", "{00E9976F-139A-4DB4-BA60-24138488F2FE}"
EndProject
Global
	GlobalSection(SolutionConfigurationPlatforms) = preSolution
		Debug|Any CPU = Debug|Any CPU
		Release|Any CPU = Release|Any CPU
	EndGlobalSection
	GlobalSection(ProjectConfigurationPlatforms) = postSolution
		{00E9976F-139A-4DB4-BA60-24138488F2FE}.Debug|Any CPU.ActiveCfg = Debug|Any CPU
		{00E9976F-139A-4DB4-BA60-24138488F2FE}.Debug|Any CPU.Build.0 = Debug|Any CPU
		{00E9976F-139A-4DB4-BA60-24138488F2FE}.Release|Any CPU.ActiveCfg = Release|Any CPU
		{00E9976F-139A-4DB4-BA60-24138488F2FE}.Release|Any CPU.Build.0 = Release|Any CPU
	EndGlobalSection
	GlobalSection(SolutionProperties) = preSolution
		HideSolutionNode = FALSE
	EndGlobalSection
	GlobalSection(ExtensibilityGlobals) = postSolution
		SolutionGuid = {D4E69AE5-019B-444E-9EE9-FE74B32E203F}
	EndGlobalSection
EndGlobal
